
Microsoft Visual Studio Solution File, Format Version 12.00
# Visual Studio Version 16
VisualStudioVersion = 16.0.32106.194
MinimumVisualStudioVersion = 10.0.40219.1
Project("{FAE04EC0-301F-11D3-BF4B-00C04F79EFBC}") = "algorytmyWyszukiwania", "algorytmyWyszukiwania\algorytmyWyszukiwania.csproj", "{2C825789-CC33-492D-BCFB-431DA1E60C4E}"
EndProject
Global
	GlobalSection(SolutionConfigurationPlatforms) = preSolution
		Debug|Any CPU = Debug|Any CPU
		Release|Any CPU = Release|Any CPU
	EndGlobalSection
	GlobalSection(ProjectConfigurationPlatforms) = postSolution
		{2C825789-CC33-492D-BCFB-431DA1E60C4E}.Debug|Any CPU.ActiveCfg = Debug|Any CPU
		{2C825789-CC33-492D-BCFB-431DA1E60C4E}.Debug|Any CPU.Build.0 = Debug|Any CPU
		{2C825789-CC33-492D-BCFB-431DA1E60C4E}.Release|Any CPU.ActiveCfg = Release|Any CPU
		{2C825789-CC33-492D-BCFB-431DA1E60C4E}.Release|Any CPU.Build.0 = Release|Any CPU
	EndGlobalSection
	GlobalSection(SolutionProperties) = preSolution
		HideSolutionNode = FALSE
	EndGlobalSection
	GlobalSection(ExtensibilityGlobals) = postSolution
		SolutionGuid = {85A96E57-DA8E-4789-9968-3C38DCED8200}
	EndGlobalSection
EndGlobal
